{
  "version": 4,
  "terraform_version": "1.14.5",
  "serial": 55,
  "lineage": "86354917-8fc9-a05d-1a8e-682443773623",
  "outputs": {
    "paid_url": {
      "value": "https://6o2onbo7rd.execute-api.us-east-1.amazonaws.com/dev/card/paid/{card_id}",
      "type": "string"
    },
    "purchase_url": {
      "value": "https://6o2onbo7rd.execute-api.us-east-1.amazonaws.com/dev/transactions/purchase",
      "type": "string"
    },
    "report_url": {
      "value": "https://6o2onbo7rd.execute-api.us-east-1.amazonaws.com/dev/report/{card_id}",
      "type": "string"
    },
    "save_url": {
      "value": "https://6o2onbo7rd.execute-api.us-east-1.amazonaws.com/dev/transactions/save/{card_id}",
      "type": "string"
    }
  },
  "resources": [
    {
      "mode": "data",
      "type": "archive_file",
      "name": "paid_zip",
      "provider": "provider[\"registry.terraform.io/hashicorp/archive\"]",
      "instances": [
        {
          "schema_version": 0,
          "attributes": {
            "exclude_symlink_directories": null,
            "excludes": null,
            "id": "7755a86a6c6b2bf6c49a3b563cac90c1b3c469fa",
            "output_base64sha256": "6rSD7Pl+5qRH2X8nAetjqPbb99Q7bL4ewBe3hwvVTN8=",
            "output_base64sha512": "jzBUiWW80jzADFlm6jdBTpIO4wLveC6a7s0xR2SSF1zgeOUfny+9KhLIJ6umSXg2wA+yZEw2xJlc9KRgrDoQKg==",
            "output_file_mode": null,
            "output_md5": "72870bceb7c5b9bdfa126b415c109d76",
            "output_path": "../src/zips/transaction_paid.zip",
            "output_sha": "7755a86a6c6b2bf6c49a3b563cac90c1b3c469fa",
            "output_sha256": "eab483ecf97ee6a447d97f2701eb63a8f6dbf7d43b6cbe1ec017b7870bd54cdf",
            "output_sha512": "8f30548965bcd23cc00c5966ea37414e920ee302ef782e9aeecd31476492175ce078e51f9f2fbd2a12c827aba6497836c00fb2644c36c4995cf4a460ac3a102a",
            "output_size": 1513,
            "source": [],
            "source_content": null,
            "source_content_filename": null,
            "source_dir": "../src/transaction_paid",
            "source_file": null,
            "type": "zip"
          },
          "sensitive_attributes": [],
          "identity_schema_version": 0
        }
      ]
    },
    {
      "mode": "data",
      "type": "archive_file",
      "name": "purchase_zip",
      "provider": "provider[\"registry.terraform.io/hashicorp/archive\"]",
      "instances": [
        {
          "schema_version": 0,
          "attributes": {
            "exclude_symlink_directories": null,
            "excludes": null,
            "id": "c5071f0bcb32bc068d8fc8cce45972fe73b7d657",
            "output_base64sha256": "tj8J+fo3qx4zTdeAiIbqxXL8eENn00terF4MH/O/yFE=",
            "output_base64sha512": "3feRuWjJpXG2dqwkgqUi9YvARyFpouhS6ZvOgo4Vm8yAzupFcQWZSzYwcwWKWUEMplHeIM0n3QjE1kBK1URFZg==",
            "output_file_mode": null,
            "output_md5": "51a1ba46cb6fbbfa6ed542e790e055e9",
            "output_path": "../src/zips/transaction_purchase.zip",
            "output_sha": "c5071f0bcb32bc068d8fc8cce45972fe73b7d657",
            "output_sha256": "b63f09f9fa37ab1e334dd7808886eac572fc784367d34b5eac5e0c1ff3bfc851",
            "output_sha512": "ddf791b968c9a571b676ac2482a522f58bc0472169a2e852e99bce828e159bcc80ceea457105994b363073058a59410ca651de20cd27dd08c4d6404ad5444566",
            "output_size": 1647,
            "source": [],
            "source_content": null,
            "source_content_filename": null,
            "source_dir": "../src/transaction_purchase",
            "source_file": null,
            "type": "zip"
          },
          "sensitive_attributes": [],
          "identity_schema_version": 0
        }
      ]
    },
    {
      "mode": "data",
      "type": "archive_file",
      "name": "report_zip",
      "provider": "provider[\"registry.terraform.io/hashicorp/archive\"]",
      "instances": [
        {
          "schema_version": 0,
          "attributes": {
            "exclude_symlink_directories": null,
            "excludes": null,
            "id": "da859b26ae9bdb82f111779f3e8014ee3a745493",
            "output_base64sha256": "NKSyryJsRfHbfZ63ZbTs2UI8onlyvzhnQXXyNBhLBq4=",
            "output_base64sha512": "RAlFddoSf6j9qo4OgKWr5KhJcT8le6UFuvOo8u5+1tRZyCuAMJDUsj4GgCT2ERVe+491c8QqaZCMoyjuaseuBA==",
            "output_file_mode": null,
            "output_md5": "0d84717f066d41f7830d5e5085097ba1",
            "output_path": "../src/zips/card_get_report.zip",
            "output_sha": "da859b26ae9bdb82f111779f3e8014ee3a745493",
            "output_sha256": "34a4b2af226c45f1db7d9eb765b4ecd9423ca27972bf38674175f234184b06ae",
            "output_sha512": "44094575da127fa8fdaa8e0e80a5abe4a849713f257ba505baf3a8f2ee7ed6d459c82b803090d4b23e068024f611155efb8f7573c42a69908ca328ee6ac7ae04",
            "output_size": 1436,
            "source": [],
            "source_content": null,
            "source_content_filename": null,
            "source_dir": "../src/card_get_report",
            "source_file": null,
            "type": "zip"
          },
          "sensitive_attributes": [],
          "identity_schema_version": 0
        }
      ]
    },
    {
      "mode": "data",
      "type": "archive_file",
      "name": "save_zip",
      "provider": "provider[\"registry.terraform.io/hashicorp/archive\"]",
      "instances": [
        {
          "schema_version": 0,
          "attributes": {
            "exclude_symlink_directories": null,
            "excludes": null,
            "id": "5045519d20cfc4214296ae242eed5a26c103099a",
            "output_base64sha256": "EjoeyeTI5JtIrDCyql1ZdhVlO9IytAe6pRUnGx738Xg=",
            "output_base64sha512": "oz9AIHc9cGFL8vJ6MNikJU69ftDXBopFCtEi3ngAn7xxHDWaauHTFaYNNAPkwRGAguOsqIRtjWQZyWH6NEoW2g==",
            "output_file_mode": null,
            "output_md5": "366f47ccc20f663d0b074c8dc2f14942",
            "output_path": "../src/zips/transaction_save.zip",
            "output_sha": "5045519d20cfc4214296ae242eed5a26c103099a",
            "output_sha256": "123a1ec9e4c8e49b48ac30b2aa5d597615653bd232b407baa515271b1ef7f178",
            "output_sha512": "a33f4020773d70614bf2f27a30d8a4254ebd7ed0d7068a450ad122de78009fbc711c359a6ae1d315a60d3403e4c1118082e3aca8846d8d6419c961fa344a16da",
            "output_size": 1384,
            "source": [],
            "source_content": null,
            "source_content_filename": null,
            "source_dir": "../src/transaction_save",
            "source_file": null,
            "type": "zip"
          },
          "sensitive_attributes": [],
          "identity_schema_version": 0
        }
      ]
    },
    {
      "mode": "managed",
      "type": "aws_api_gateway_deployment",
      "name": "transaction_deploy",
      "provider": "provider[\"registry.terraform.io/hashicorp/aws\"]",
      "instances": [
        {
          "schema_version": 0,
          "attributes": {
            "canary_settings": [],
            "created_date": "2026-04-23T18:22:57Z",
            "description": "",
            "execution_arn": "arn:aws:execute-api:us-east-1:884404876032:6o2onbo7rd/",
            "id": "54aivy",
            "invoke_url": "https://6o2onbo7rd.execute-api.us-east-1.amazonaws.com/",
            "rest_api_id": "6o2onbo7rd",
            "stage_description": null,
            "stage_name": null,
            "triggers": {
              "redeployment": "ac9983f0308a5700c8b122b52b613e6f0ef8f9b7"
            },
            "variables": null
          },
          "sensitive_attributes": [],
          "identity_schema_version": 0,
          "private": "bnVsbA==",
          "dependencies": [
            "aws_api_gateway_integration.options_paid",
            "aws_api_gateway_integration.options_purchase",
            "aws_api_gateway_integration.options_report",
            "aws_api_gateway_integration.options_save",
            "aws_api_gateway_integration.paid_integration",
            "aws_api_gateway_integration.purchase_integration",
            "aws_api_gateway_integration.report_integration",
            "aws_api_gateway_integration.save_integration",
            "aws_api_gateway_integration_response.options_paid",
            "aws_api_gateway_integration_response.options_purchase",
            "aws_api_gateway_integration_response.options_report",
            "aws_api_gateway_integration_response.options_save",
            "aws_api_gateway_method.get_report",
            "aws_api_gateway_method.options_paid",
            "aws_api_gateway_method.options_purchase",
            "aws_api_gateway_method.options_report",
            "aws_api_gateway_method.options_save",
            "aws_api_gateway_method.post_paid",
            "aws_api_gateway_method.post_purchase",
            "aws_api_gateway_method.post_save",
            "aws_api_gateway_resource.card",
            "aws_api_gateway_resource.card_paid",
            "aws_api_gateway_resource.card_paid_card_id",
            "aws_api_gateway_resource.card_report_id",
            "aws_api_gateway_resource.report",
            "aws_api_gateway_resource.transactions",
            "aws_api_gateway_resource.transactions_purchase",
            "aws_api_gateway_resource.transactions_save",
            "aws_api_gateway_resource.transactions_save_card_id",
            "aws_api_gateway_rest_api.transaction_api",
            "aws_iam_role.transaction_lambda_role",
            "aws_lambda_function.card_get_report",
            "aws_lambda_function.transaction_paid",
            "aws_lambda_function.transaction_purchase",
            "aws_lambda_function.transaction_save",
            "aws_s3_bucket.reports_bucket",
            "data.archive_file.paid_zip",
            "data.archive_file.purchase_zip",
            "data.archive_file.report_zip",
            "data.archive_file.save_zip",
            "random_id.bucket_suffix"
          ],
          "create_before_destroy": true
        }
      ]
    },
    {
      "mode": "managed",
      "type": "aws_api_gateway_integration",
      "name": "options_paid",
      "provider": "provider[\"registry.terraform.io/hashicorp/aws\"]",
      "instances": [
        {
          "schema_version": 0,
          "attributes": {
            "cache_key_parameters": [],
            "cache_namespace": "wxsv11",
            "connection_id": "",
            "connection_type": "INTERNET",
            "content_handling": "",
            "credentials": "",
            "http_method": "OPTIONS",
            "id": "agi-6o2onbo7rd-wxsv11-OPTIONS",
            "integration_http_method": "",
            "passthrough_behavior": "WHEN_NO_MATCH",
            "request_parameters": {},
            "request_templates": {
              "application/json": "{\"statusCode\": 200}"
            },
            "resource_id": "wxsv11",
            "rest_api_id": "6o2onbo7rd",
            "timeout_milliseconds": 29000,
            "tls_config": [],
            "type": "MOCK",
            "uri": ""
          },
          "sensitive_attributes": [],
          "identity_schema_version": 0,
          "private": "bnVsbA==",
          "dependencies": [
            "aws_api_gateway_method.options_paid",
            "aws_api_gateway_resource.card",
            "aws_api_gateway_resource.card_paid",
            "aws_api_gateway_resource.card_paid_card_id",
            "aws_api_gateway_rest_api.transaction_api"
          ],
          "create_before_destroy": true
        }
      ]
    },
    {
      "mode": "managed",
      "type": "aws_api_gateway_integration",
      "name": "options_purchase",
      "provider": "provider[\"registry.terraform.io/hashicorp/aws\"]",
      "instances": [
        {
          "schema_version": 0,
          "attributes": {
            "cache_key_parameters": [],
            "cache_namespace": "3dihik",
            "connection_id": "",
            "connection_type": "INTERNET",
            "content_handling": "",
            "credentials": "",
            "http_method": "OPTIONS",
            "id": "agi-6o2onbo7rd-3dihik-OPTIONS",
            "integration_http_method": "",
            "passthrough_behavior": "WHEN_NO_MATCH",
            "request_parameters": {},
            "request_templates": {
              "application/json": "{\"statusCode\": 200}"
            },
            "resource_id": "3dihik",
            "rest_api_id": "6o2onbo7rd",
            "timeout_milliseconds": 29000,
            "tls_config": [],
            "type": "MOCK",
            "uri": ""
          },
          "sensitive_attributes": [],
          "identity_schema_version": 0,
          "private": "bnVsbA==",
          "dependencies": [
            "aws_api_gateway_method.options_purchase",
            "aws_api_gateway_resource.transactions",
            "aws_api_gateway_resource.transactions_purchase",
            "aws_api_gateway_rest_api.transaction_api"
          ],
          "create_before_destroy": true
        }
      ]
    },
    {
      "mode": "managed",
      "type": "aws_api_gateway_integration",
      "name": "options_report",
      "provider": "provider[\"registry.terraform.io/hashicorp/aws\"]",
      "instances": [
        {
          "schema_version": 0,
          "attributes": {
            "cache_key_parameters": [],
            "cache_namespace": "btz6wd",
            "connection_id": "",
            "connection_type": "INTERNET",
            "content_handling": "",
            "credentials": "",
            "http_method": "OPTIONS",
            "id": "agi-6o2onbo7rd-btz6wd-OPTIONS",
            "integration_http_method": "",
            "passthrough_behavior": "WHEN_NO_MATCH",
            "request_parameters": {},
            "request_templates": {
              "application/json": "{\"statusCode\": 200}"
            },
            "resource_id": "btz6wd",
            "rest_api_id": "6o2onbo7rd",
            "timeout_milliseconds": 29000,
            "tls_config": [],
            "type": "MOCK",
            "uri": ""
          },
          "sensitive_attributes": [],
          "identity_schema_version": 0,
          "private": "bnVsbA==",
          "dependencies": [
            "aws_api_gateway_method.options_report",
            "aws_api_gateway_resource.card_report_id",
            "aws_api_gateway_resource.report",
            "aws_api_gateway_rest_api.transaction_api"
          ],
          "create_before_destroy": true
        }
      ]
    },
    {
      "mode": "managed",
      "type": "aws_api_gateway_integration",
      "name": "options_save",
      "provider": "provider[\"registry.terraform.io/hashicorp/aws\"]",
      "instances": [
        {
          "schema_version": 0,
          "attributes": {
            "cache_key_parameters": [],
            "cache_namespace": "7pvy03",
            "connection_id": "",
            "connection_type": "INTERNET",
            "content_handling": "",
            "credentials": "",
            "http_method": "OPTIONS",
            "id": "agi-6o2onbo7rd-7pvy03-OPTIONS",
            "integration_http_method": "",
            "passthrough_behavior": "WHEN_NO_MATCH",
            "request_parameters": {},
            "request_templates": {
              "application/json": "{\"statusCode\": 200}"
            },
            "resource_id": "7pvy03",
            "rest_api_id": "6o2onbo7rd",
            "timeout_milliseconds": 29000,
            "tls_config": [],
            "type": "MOCK",
            "uri": ""
          },
          "sensitive_attributes": [],
          "identity_schema_version": 0,
          "private": "bnVsbA==",
          "dependencies": [
            "aws_api_gateway_method.options_save",
            "aws_api_gateway_resource.transactions",
            "aws_api_gateway_resource.transactions_save",
            "aws_api_gateway_resource.transactions_save_card_id",
            "aws_api_gateway_rest_api.transaction_api"
          ],
          "create_before_destroy": true
        }
      ]
    },
    {
      "mode": "managed",
      "type": "aws_api_gateway_integration",
      "name": "paid_integration",
      "provider": "provider[\"registry.terraform.io/hashicorp/aws\"]",
      "instances": [
        {
          "schema_version": 0,
          "attributes": {
            "cache_key_parameters": [],
            "cache_namespace": "wxsv11",
            "connection_id": "",
            "connection_type": "INTERNET",
            "content_handling": "",
            "credentials": "",
            "http_method": "POST",
            "id": "agi-6o2onbo7rd-wxsv11-POST",
            "integration_http_method": "POST",
            "passthrough_behavior": "WHEN_NO_MATCH",
            "request_parameters": {},
            "request_templates": {},
            "resource_id": "wxsv11",
            "rest_api_id": "6o2onbo7rd",
            "timeout_milliseconds": 29000,
            "tls_config": [],
            "type": "AWS_PROXY",
            "uri": "arn:aws:apigateway:us-east-1:lambda:path/2015-03-31/functions/arn:aws:lambda:us-east-1:884404876032:function:card-paid-credit-card-lambda/invocations"
          },
          "sensitive_attributes": [],
          "identity_schema_version": 0,
          "private": "bnVsbA==",
          "dependencies": [
            "aws_api_gateway_method.post_paid",
            "aws_api_gateway_resource.card",
            "aws_api_gateway_resource.card_paid",
            "aws_api_gateway_resource.card_paid_card_id",
            "aws_api_gateway_rest_api.transaction_api",
            "aws_iam_role.transaction_lambda_role",
            "aws_lambda_function.transaction_paid",
            "data.archive_file.paid_zip"
          ],
          "create_before_destroy": true
        }
      ]
    },
    {
      "mode": "managed",
      "type": "aws_api_gateway_integration",
      "name": "purchase_integration",
      "provider": "provider[\"registry.terraform.io/hashicorp/aws\"]",
      "instances": [
        {
          "schema_version": 0,
          "attributes": {
            "cache_key_parameters": [],
            "cache_namespace": "3dihik",
            "connection_id": "",
            "connection_type": "INTERNET",
            "content_handling": "",
            "credentials": "",
            "http_method": "POST",
            "id": "agi-6o2onbo7rd-3dihik-POST",
            "integration_http_method": "POST",
            "passthrough_behavior": "WHEN_NO_MATCH",
            "request_parameters": {},
            "request_templates": {},
            "resource_id": "3dihik",
            "rest_api_id": "6o2onbo7rd",
            "timeout_milliseconds": 29000,
            "tls_config": [],
            "type": "AWS_PROXY",
            "uri": "arn:aws:apigateway:us-east-1:lambda:path/2015-03-31/functions/arn:aws:lambda:us-east-1:884404876032:function:card-purchase-lambda/invocations"
          },
          "sensitive_attributes": [],
          "identity_schema_version": 0,
          "private": "bnVsbA==",
          "dependencies": [
            "aws_api_gateway_method.post_purchase",
            "aws_api_gateway_resource.transactions",
            "aws_api_gateway_resource.transactions_purchase",
            "aws_api_gateway_rest_api.transaction_api",
            "aws_iam_role.transaction_lambda_role",
            "aws_lambda_function.transaction_purchase",
            "data.archive_file.purchase_zip"
          ],
          "create_before_destroy": true
        }
      ]
    },
    {
      "mode": "managed",
      "type": "aws_api_gateway_integration",
      "name": "report_integration",
      "provider": "provider[\"registry.terraform.io/hashicorp/aws\"]",
      "instances": [
        {
          "schema_version": 0,
          "attributes": {
            "cache_key_parameters": [],
            "cache_namespace": "btz6wd",
            "connection_id": "",
            "connection_type": "INTERNET",
            "content_handling": "",
            "credentials": "",
            "http_method": "POST",
            "id": "agi-6o2onbo7rd-btz6wd-POST",
            "integration_http_method": "POST",
            "passthrough_behavior": "WHEN_NO_MATCH",
            "request_parameters": {},
            "request_templates": {},
            "resource_id": "btz6wd",
            "rest_api_id": "6o2onbo7rd",
            "timeout_milliseconds": 29000,
            "tls_config": [],
            "type": "AWS_PROXY",
            "uri": "arn:aws:apigateway:us-east-1:lambda:path/2015-03-31/functions/arn:aws:lambda:us-east-1:884404876032:function:card-get-report-lambda/invocations"
          },
          "sensitive_attributes": [],
          "identity_schema_version": 0,
          "private": "bnVsbA==",
          "dependencies": [
            "aws_api_gateway_method.get_report",
            "aws_api_gateway_resource.card_report_id",
            "aws_api_gateway_resource.report",
            "aws_api_gateway_rest_api.transaction_api",
            "aws_iam_role.transaction_lambda_role",
            "aws_lambda_function.card_get_report",
            "aws_s3_bucket.reports_bucket",
            "data.archive_file.report_zip",
            "random_id.bucket_suffix"
          ],
          "create_before_destroy": true
        }
      ]
    },
    {
      "mode": "managed",
      "type": "aws_api_gateway_integration",
      "name": "save_integration",
      "provider": "provider[\"registry.terraform.io/hashicorp/aws\"]",
      "instances": [
        {
          "schema_version": 0,
          "attributes": {
            "cache_key_parameters": [],
            "cache_namespace": "7pvy03",
            "connection_id": "",
            "connection_type": "INTERNET",
            "content_handling": "",
            "credentials": "",
            "http_method": "POST",
            "id": "agi-6o2onbo7rd-7pvy03-POST",
            "integration_http_method": "POST",
            "passthrough_behavior": "WHEN_NO_MATCH",
            "request_parameters": {},
            "request_templates": {},
            "resource_id": "7pvy03",
            "rest_api_id": "6o2onbo7rd",
            "timeout_milliseconds": 29000,
            "tls_config": [],
            "type": "AWS_PROXY",
            "uri": "arn:aws:apigateway:us-east-1:lambda:path/2015-03-31/functions/arn:aws:lambda:us-east-1:884404876032:function:card-transaction-save-lambda/invocations"
          },
          "sensitive_attributes": [],
          "identity_schema_version": 0,
          "private": "bnVsbA==",
          "dependencies": [
            "aws_api_gateway_method.post_save",
            "aws_api_gateway_resource.transactions",
            "aws_api_gateway_resource.transactions_save",
            "aws_api_gateway_resource.transactions_save_card_id",
            "aws_api_gateway_rest_api.transaction_api",
            "aws_iam_role.transaction_lambda_role",
            "aws_lambda_function.transaction_save",
            "data.archive_file.save_zip"
          ],
          "create_before_destroy": true
        }
      ]
    },
    {
      "mode": "managed",
      "type": "aws_api_gateway_integration_response",
      "name": "options_paid",
      "provider": "provider[\"registry.terraform.io/hashicorp/aws\"]",
      "instances": [
        {
          "schema_version": 0,
          "attributes": {
            "content_handling": "",
            "http_method": "OPTIONS",
            "id": "agir-6o2onbo7rd-wxsv11-OPTIONS-200",
            "resource_id": "wxsv11",
            "response_parameters": {
              "method.response.header.Access-Control-Allow-Headers": "'Content-Type,Authorization'",
              "method.response.header.Access-Control-Allow-Methods": "'OPTIONS,POST'",
              "method.response.header.Access-Control-Allow-Origin": "'*'"
            },
            "response_templates": {},
            "rest_api_id": "6o2onbo7rd",
            "selection_pattern": "",
            "status_code": "200"
          },
          "sensitive_attributes": [],
          "identity_schema_version": 0,
          "private": "bnVsbA==",
          "dependencies": [
            "aws_api_gateway_integration.options_paid",
            "aws_api_gateway_method.options_paid",
            "aws_api_gateway_resource.card",
            "aws_api_gateway_resource.card_paid",
            "aws_api_gateway_resource.card_paid_card_id",
            "aws_api_gateway_rest_api.transaction_api"
          ],
          "create_before_destroy": true
        }
      ]
    },
    {
      "mode": "managed",
      "type": "aws_api_gateway_integration_response",
      "name": "options_purchase",
      "provider": "provider[\"registry.terraform.io/hashicorp/aws\"]",
      "instances": [
        {
          "schema_version": 0,
          "attributes": {
            "content_handling": "",
            "http_method": "OPTIONS",
            "id": "agir-6o2onbo7rd-3dihik-OPTIONS-200",
            "resource_id": "3dihik",
            "response_parameters": {
              "method.response.header.Access-Control-Allow-Headers": "'Content-Type,Authorization'",
              "method.response.header.Access-Control-Allow-Methods": "'OPTIONS,POST'",
              "method.response.header.Access-Control-Allow-Origin": "'*'"
            },
            "response_templates": {},
            "rest_api_id": "6o2onbo7rd",
            "selection_pattern": "",
            "status_code": "200"
          },
          "sensitive_attributes": [],
          "identity_schema_version": 0,
          "private": "bnVsbA==",
          "dependencies": [
            "aws_api_gateway_integration.options_purchase",
            "aws_api_gateway_method.options_purchase",
            "aws_api_gateway_resource.transactions",
            "aws_api_gateway_resource.transactions_purchase",
            "aws_api_gateway_rest_api.transaction_api"
          ],
          "create_before_destroy": true
        }
      ]
    },
    {
      "mode": "managed",
      "type": "aws_api_gateway_integration_response",
      "name": "options_report",
      "provider": "provider[\"registry.terraform.io/hashicorp/aws\"]",
      "instances": [
        {
          "schema_version": 0,
          "attributes": {
            "content_handling": "",
            "http_method": "OPTIONS",
            "id": "agir-6o2onbo7rd-btz6wd-OPTIONS-200",
            "resource_id": "btz6wd",
            "response_parameters": {
              "method.response.header.Access-Control-Allow-Headers": "'Content-Type,Authorization'",
              "method.response.header.Access-Control-Allow-Methods": "'OPTIONS,POST'",
              "method.response.header.Access-Control-Allow-Origin": "'*'"
            },
            "response_templates": {},
            "rest_api_id": "6o2onbo7rd",
            "selection_pattern": "",
            "status_code": "200"
          },
          "sensitive_attributes": [],
          "identity_schema_version": 0,
          "private": "bnVsbA==",
          "dependencies": [
            "aws_api_gateway_integration.options_report",
            "aws_api_gateway_method.options_report",
            "aws_api_gateway_resource.card_report_id",
            "aws_api_gateway_resource.report",
            "aws_api_gateway_rest_api.transaction_api"
          ],
          "create_before_destroy": true
        }
      ]
    },
    {
      "mode": "managed",
      "type": "aws_api_gateway_integration_response",
      "name": "options_save",
      "provider": "provider[\"registry.terraform.io/hashicorp/aws\"]",
      "instances": [
        {
          "schema_version": 0,
          "attributes": {
            "content_handling": "",
            "http_method": "OPTIONS",
            "id": "agir-6o2onbo7rd-7pvy03-OPTIONS-200",
            "resource_id": "7pvy03",
            "response_parameters": {
              "method.response.header.Access-Control-Allow-Headers": "'Content-Type,Authorization'",
              "method.response.header.Access-Control-Allow-Methods": "'OPTIONS,POST'",
              "method.response.header.Access-Control-Allow-Origin": "'*'"
            },
            "response_templates": {},
            "rest_api_id": "6o2onbo7rd",
            "selection_pattern": "",
            "status_code": "200"
          },
          "sensitive_attributes": [],
          "identity_schema_version": 0,
          "private": "bnVsbA==",
          "dependencies": [
            "aws_api_gateway_integration.options_save",
            "aws_api_gateway_method.options_save",
            "aws_api_gateway_resource.transactions",
            "aws_api_gateway_resource.transactions_save",
            "aws_api_gateway_resource.transactions_save_card_id",
            "aws_api_gateway_rest_api.transaction_api"
          ],
          "create_before_destroy": true
        }
      ]
    },
    {
      "mode": "managed",
      "type": "aws_api_gateway_method",
      "name": "get_report",
      "provider": "provider[\"registry.terraform.io/hashicorp/aws\"]",
      "instances": [
        {
          "schema_version": 0,
          "attributes": {
            "api_key_required": false,
            "authorization": "NONE",
            "authorization_scopes": [],
            "authorizer_id": "",
            "http_method": "POST",
            "id": "agm-6o2onbo7rd-btz6wd-POST",
            "operation_name": "",
            "request_models": {},
            "request_parameters": {},
            "request_validator_id": "",
            "resource_id": "btz6wd",
            "rest_api_id": "6o2onbo7rd"
          },
          "sensitive_attributes": [],
          "identity_schema_version": 0,
          "private": "bnVsbA==",
          "dependencies": [
            "aws_api_gateway_resource.card_report_id",
            "aws_api_gateway_resource.report",
            "aws_api_gateway_rest_api.transaction_api"
          ],
          "create_before_destroy": true
        }
      ]
    },
    {
      "mode": "managed",
      "type": "aws_api_gateway_method",
      "name": "options_paid",
      "provider": "provider[\"registry.terraform.io/hashicorp/aws\"]",
      "instances": [
        {
          "schema_version": 0,
          "attributes": {
            "api_key_required": false,
            "authorization": "NONE",
            "authorization_scopes": [],
            "authorizer_id": "",
            "http_method": "OPTIONS",
            "id": "agm-6o2onbo7rd-wxsv11-OPTIONS",
            "operation_name": "",
            "request_models": {},
            "request_parameters": {},
            "request_validator_id": "",
            "resource_id": "wxsv11",
            "rest_api_id": "6o2onbo7rd"
          },
          "sensitive_attributes": [],
          "identity_schema_version": 0,
          "private": "bnVsbA==",
          "dependencies": [
            "aws_api_gateway_resource.card",
            "aws_api_gateway_resource.card_paid",
            "aws_api_gateway_resource.card_paid_card_id",
            "aws_api_gateway_rest_api.transaction_api"
          ],
          "create_before_destroy": true
        }
      ]
    },
    {
      "mode": "managed",
      "type": "aws_api_gateway_method",
      "name": "options_purchase",
      "provider": "provider[\"registry.terraform.io/hashicorp/aws\"]",
      "instances": [
        {
          "schema_version": 0,
          "attributes": {
            "api_key_required": false,
            "authorization": "NONE",
            "authorization_scopes": [],
            "authorizer_id": "",
            "http_method": "OPTIONS",
            "id": "agm-6o2onbo7rd-3dihik-OPTIONS",
            "operation_name": "",
            "request_models": {},
            "request_parameters": {},
            "request_validator_id": "",
            "resource_id": "3dihik",
            "rest_api_id": "6o2onbo7rd"
          },
          "sensitive_attributes": [],
          "identity_schema_version": 0,
          "private": "bnVsbA==",
          "dependencies": [
            "aws_api_gateway_resource.transactions",
            "aws_api_gateway_resource.transactions_purchase",
            "aws_api_gateway_rest_api.transaction_api"
          ],
          "create_before_destroy": true
        }
      ]
    },
    {
      "mode": "managed",
      "type": "aws_api_gateway_method",
      "name": "options_report",
      "provider": "provider[\"registry.terraform.io/hashicorp/aws\"]",
      "instances": [
        {
          "schema_version": 0,
          "attributes": {
            "api_key_required": false,
            "authorization": "NONE",
            "authorization_scopes": [],
            "authorizer_id": "",
            "http_method": "OPTIONS",
            "id": "agm-6o2onbo7rd-btz6wd-OPTIONS",
            "operation_name": "",
            "request_models": {},
            "request_parameters": {},
            "request_validator_id": "",
            "resource_id": "btz6wd",
            "rest_api_id": "6o2onbo7rd"
          },
          "sensitive_attributes": [],
          "identity_schema_version": 0,
          "private": "bnVsbA==",
          "dependencies": [
            "aws_api_gateway_resource.card_report_id",
            "aws_api_gateway_resource.report",
            "aws_api_gateway_rest_api.transaction_api"
          ],
          "create_before_destroy": true
        }
      ]
    },
    {
      "mode": "managed",
      "type": "aws_api_gateway_method",
      "name": "options_save",
      "provider": "provider[\"registry.terraform.io/hashicorp/aws\"]",
      "instances": [
        {
          "schema_version": 0,
          "attributes": {
            "api_key_required": false,
            "authorization": "NONE",
            "authorization_scopes": [],
            "authorizer_id": "",
            "http_method": "OPTIONS",
            "id": "agm-6o2onbo7rd-7pvy03-OPTIONS",
            "operation_name": "",
            "request_models": {},
            "request_parameters": {},
            "request_validator_id": "",
            "resource_id": "7pvy03",
            "rest_api_id": "6o2onbo7rd"
          },
          "sensitive_attributes": [],
          "identity_schema_version": 0,
          "private": "bnVsbA==",
          "dependencies": [
            "aws_api_gateway_resource.transactions",
            "aws_api_gateway_resource.transactions_save",
            "aws_api_gateway_resource.transactions_save_card_id",
            "aws_api_gateway_rest_api.transaction_api"
          ],
          "create_before_destroy": true
        }
      ]
    },
    {
      "mode": "managed",
      "type": "aws_api_gateway_method",
      "name": "post_paid",
      "provider": "provider[\"registry.terraform.io/hashicorp/aws\"]",
      "instances": [
        {
          "schema_version": 0,
          "attributes": {
            "api_key_required": false,
            "authorization": "NONE",
            "authorization_scopes": [],
            "authorizer_id": "",
            "http_method": "POST",
            "id": "agm-6o2onbo7rd-wxsv11-POST",
            "operation_name": "",
            "request_models": {},
            "request_parameters": {},
            "request_validator_id": "",
            "resource_id": "wxsv11",
            "rest_api_id": "6o2onbo7rd"
          },
          "sensitive_attributes": [],
          "identity_schema_version": 0,
          "private": "bnVsbA==",
          "dependencies": [
            "aws_api_gateway_resource.card",
            "aws_api_gateway_resource.card_paid",
            "aws_api_gateway_resource.card_paid_card_id",
            "aws_api_gateway_rest_api.transaction_api"
          ],
          "create_before_destroy": true
        }
      ]
    },
    {
      "mode": "managed",
      "type": "aws_api_gateway_method",
      "name": "post_purchase",
      "provider": "provider[\"registry.terraform.io/hashicorp/aws\"]",
      "instances": [
        {
          "schema_version": 0,
          "attributes": {
            "api_key_required": false,
            "authorization": "NONE",
            "authorization_scopes": [],
            "authorizer_id": "",
            "http_method": "POST",
            "id": "agm-6o2onbo7rd-3dihik-POST",
            "operation_name": "",
            "request_models": {},
            "request_parameters": {},
            "request_validator_id": "",
            "resource_id": "3dihik",
            "rest_api_id": "6o2onbo7rd"
          },
          "sensitive_attributes": [],
          "identity_schema_version": 0,
          "private": "bnVsbA==",
          "dependencies": [
            "aws_api_gateway_resource.transactions",
            "aws_api_gateway_resource.transactions_purchase",
            "aws_api_gateway_rest_api.transaction_api"
          ],
          "create_before_destroy": true
        }
      ]
    },
    {
      "mode": "managed",
      "type": "aws_api_gateway_method",
      "name": "post_save",
      "provider": "provider[\"registry.terraform.io/hashicorp/aws\"]",
      "instances": [
        {
          "schema_version": 0,
          "attributes": {
            "api_key_required": false,
            "authorization": "NONE",
            "authorization_scopes": [],
            "authorizer_id": "",
            "http_method": "POST",
            "id": "agm-6o2onbo7rd-7pvy03-POST",
            "operation_name": "",
            "request_models": {},
            "request_parameters": {},
            "request_validator_id": "",
            "resource_id": "7pvy03",
            "rest_api_id": "6o2onbo7rd"
          },
          "sensitive_attributes": [],
          "identity_schema_version": 0,
          "private": "bnVsbA==",
          "dependencies": [
            "aws_api_gateway_resource.transactions",
            "aws_api_gateway_resource.transactions_save",
            "aws_api_gateway_resource.transactions_save_card_id",
            "aws_api_gateway_rest_api.transaction_api"
          ],
          "create_before_destroy": true
        }
      ]
    },
    {
      "mode": "managed",
      "type": "aws_api_gateway_method_response",
      "name": "options_paid",
      "provider": "provider[\"registry.terraform.io/hashicorp/aws\"]",
      "instances": [
        {
          "schema_version": 0,
          "attributes": {
            "http_method": "OPTIONS",
            "id": "agmr-6o2onbo7rd-wxsv11-OPTIONS-200",
            "resource_id": "wxsv11",
            "response_models": {},
            "response_parameters": {
              "method.response.header.Access-Control-Allow-Headers": true,
              "method.response.header.Access-Control-Allow-Methods": true,
              "method.response.header.Access-Control-Allow-Origin": true
            },
            "rest_api_id": "6o2onbo7rd",
            "status_code": "200"
          },
          "sensitive_attributes": [],
          "identity_schema_version": 0,
          "private": "bnVsbA==",
          "dependencies": [
            "aws_api_gateway_method.options_paid",
            "aws_api_gateway_resource.card",
            "aws_api_gateway_resource.card_paid",
            "aws_api_gateway_resource.card_paid_card_id",
            "aws_api_gateway_rest_api.transaction_api"
          ]
        }
      ]
    },
    {
      "mode": "managed",
      "type": "aws_api_gateway_method_response",
      "name": "options_purchase",
      "provider": "provider[\"registry.terraform.io/hashicorp/aws\"]",
      "instances": [
        {
          "schema_version": 0,
          "attributes": {
            "http_method": "OPTIONS",
            "id": "agmr-6o2onbo7rd-3dihik-OPTIONS-200",
            "resource_id": "3dihik",
            "response_models": {},
            "response_parameters": {
              "method.response.header.Access-Control-Allow-Headers": true,
              "method.response.header.Access-Control-Allow-Methods": true,
              "method.response.header.Access-Control-Allow-Origin": true
            },
            "rest_api_id": "6o2onbo7rd",
            "status_code": "200"
          },
          "sensitive_attributes": [],
          "identity_schema_version": 0,
          "private": "bnVsbA==",
          "dependencies": [
            "aws_api_gateway_method.options_purchase",
            "aws_api_gateway_resource.transactions",
            "aws_api_gateway_resource.transactions_purchase",
            "aws_api_gateway_rest_api.transaction_api"
          ]
        }
      ]
    },
    {
      "mode": "managed",
      "type": "aws_api_gateway_method_response",
      "name": "options_report",
      "provider": "provider[\"registry.terraform.io/hashicorp/aws\"]",
      "instances": [
        {
          "schema_version": 0,
          "attributes": {
            "http_method": "OPTIONS",
            "id": "agmr-6o2onbo7rd-btz6wd-OPTIONS-200",
            "resource_id": "btz6wd",
            "response_models": {},
            "response_parameters": {
              "method.response.header.Access-Control-Allow-Headers": true,
              "method.response.header.Access-Control-Allow-Methods": true,
              "method.response.header.Access-Control-Allow-Origin": true
            },
            "rest_api_id": "6o2onbo7rd",
            "status_code": "200"
          },
          "sensitive_attributes": [],
          "identity_schema_version": 0,
          "private": "bnVsbA==",
          "dependencies": [
            "aws_api_gateway_method.options_report",
            "aws_api_gateway_resource.card_report_id",
            "aws_api_gateway_resource.report",
            "aws_api_gateway_rest_api.transaction_api"
          ]
        }
      ]
    },
    {
      "mode": "managed",
      "type": "aws_api_gateway_method_response",
      "name": "options_save",
      "provider": "provider[\"registry.terraform.io/hashicorp/aws\"]",
      "instances": [
        {
          "schema_version": 0,
          "attributes": {
            "http_method": "OPTIONS",
            "id": "agmr-6o2onbo7rd-7pvy03-OPTIONS-200",
            "resource_id": "7pvy03",
            "response_models": {},
            "response_parameters": {
              "method.response.header.Access-Control-Allow-Headers": true,
              "method.response.header.Access-Control-Allow-Methods": true,
              "method.response.header.Access-Control-Allow-Origin": true
            },
            "rest_api_id": "6o2onbo7rd",
            "status_code": "200"
          },
          "sensitive_attributes": [],
          "identity_schema_version": 0,
          "private": "bnVsbA==",
          "dependencies": [
            "aws_api_gateway_method.options_save",
            "aws_api_gateway_resource.transactions",
            "aws_api_gateway_resource.transactions_save",
            "aws_api_gateway_resource.transactions_save_card_id",
            "aws_api_gateway_rest_api.transaction_api"
          ]
        }
      ]
    },
    {
      "mode": "managed",
      "type": "aws_api_gateway_resource",
      "name": "card",
      "provider": "provider[\"registry.terraform.io/hashicorp/aws\"]",
      "instances": [
        {
          "schema_version": 0,
          "attributes": {
            "id": "x9e1st",
            "parent_id": "onqupqsiaf",
            "path": "/card",
            "path_part": "card",
            "rest_api_id": "6o2onbo7rd"
          },
          "sensitive_attributes": [],
          "identity_schema_version": 0,
          "private": "bnVsbA==",
          "dependencies": [
            "aws_api_gateway_rest_api.transaction_api"
          ],
          "create_before_destroy": true
        }
      ]
    },
    {
      "mode": "managed",
      "type": "aws_api_gateway_resource",
      "name": "card_paid",
      "provider": "provider[\"registry.terraform.io/hashicorp/aws\"]",
      "instances": [
        {
          "schema_version": 0,
          "attributes": {
            "id": "zoxnqn",
            "parent_id": "x9e1st",
            "path": "/card/paid",
            "path_part": "paid",
            "rest_api_id": "6o2onbo7rd"
          },
          "sensitive_attributes": [],
          "identity_schema_version": 0,
          "private": "bnVsbA==",
          "dependencies": [
            "aws_api_gateway_resource.card",
            "aws_api_gateway_rest_api.transaction_api"
          ],
          "create_before_destroy": true
        }
      ]
    },
    {
      "mode": "managed",
      "type": "aws_api_gateway_resource",
      "name": "card_paid_card_id",
      "provider": "provider[\"registry.terraform.io/hashicorp/aws\"]",
      "instances": [
        {
          "schema_version": 0,
          "attributes": {
            "id": "wxsv11",
            "parent_id": "zoxnqn",
            "path": "/card/paid/{card_id}",
            "path_part": "{card_id}",
            "rest_api_id": "6o2onbo7rd"
          },
          "sensitive_attributes": [],
          "identity_schema_version": 0,
          "private": "bnVsbA==",
          "dependencies": [
            "aws_api_gateway_resource.card",
            "aws_api_gateway_resource.card_paid",
            "aws_api_gateway_rest_api.transaction_api"
          ],
          "create_before_destroy": true
        }
      ]
    },
    {
      "mode": "managed",
      "type": "aws_api_gateway_resource",
      "name": "card_report_id",
      "provider": "provider[\"registry.terraform.io/hashicorp/aws\"]",
      "instances": [
        {
          "schema_version": 0,
          "attributes": {
            "id": "btz6wd",
            "parent_id": "02y0x4",
            "path": "/report/{card_id}",
            "path_part": "{card_id}",
            "rest_api_id": "6o2onbo7rd"
          },
          "sensitive_attributes": [],
          "identity_schema_version": 0,
          "private": "bnVsbA==",
          "dependencies": [
            "aws_api_gateway_resource.report",
            "aws_api_gateway_rest_api.transaction_api"
          ],
          "create_before_destroy": true
        }
      ]
    },
    {
      "mode": "managed",
      "type": "aws_api_gateway_resource",
      "name": "report",
      "provider": "provider[\"registry.terraform.io/hashicorp/aws\"]",
      "instances": [
        {
          "schema_version": 0,
          "attributes": {
            "id": "02y0x4",
            "parent_id": "onqupqsiaf",
            "path": "/report",
            "path_part": "report",
            "rest_api_id": "6o2onbo7rd"
          },
          "sensitive_attributes": [],
          "identity_schema_version": 0,
          "private": "bnVsbA==",
          "dependencies": [
            "aws_api_gateway_rest_api.transaction_api"
          ],
          "create_before_destroy": true
        }
      ]
    },
    {
      "mode": "managed",
      "type": "aws_api_gateway_resource",
      "name": "transactions",
      "provider": "provider[\"registry.terraform.io/hashicorp/aws\"]",
      "instances": [
        {
          "schema_version": 0,
          "attributes": {
            "id": "01wfv3",
            "parent_id": "onqupqsiaf",
            "path": "/transactions",
            "path_part": "transactions",
            "rest_api_id": "6o2onbo7rd"
          },
          "sensitive_attributes": [],
          "identity_schema_version": 0,
          "private": "bnVsbA==",
          "dependencies": [
            "aws_api_gateway_rest_api.transaction_api"
          ],
          "create_before_destroy": true
        }
      ]
    },
    {
      "mode": "managed",
      "type": "aws_api_gateway_resource",
      "name": "transactions_purchase",
      "provider": "provider[\"registry.terraform.io/hashicorp/aws\"]",
      "instances": [
        {
          "schema_version": 0,
          "attributes": {
            "id": "3dihik",
            "parent_id": "01wfv3",
            "path": "/transactions/purchase",
            "path_part": "purchase",
            "rest_api_id": "6o2onbo7rd"
          },
          "sensitive_attributes": [],
          "identity_schema_version": 0,
          "private": "bnVsbA==",
          "dependencies": [
            "aws_api_gateway_resource.transactions",
            "aws_api_gateway_rest_api.transaction_api"
          ],
          "create_before_destroy": true
        }
      ]
    },
    {
      "mode": "managed",
      "type": "aws_api_gateway_resource",
      "name": "transactions_save",
      "provider": "provider[\"registry.terraform.io/hashicorp/aws\"]",
      "instances": [
        {
          "schema_version": 0,
          "attributes": {
            "id": "ywv4gj",
            "parent_id": "01wfv3",
            "path": "/transactions/save",
            "path_part": "save",
            "rest_api_id": "6o2onbo7rd"
          },
          "sensitive_attributes": [],
          "identity_schema_version": 0,
          "private": "bnVsbA==",
          "dependencies": [
            "aws_api_gateway_resource.transactions",
            "aws_api_gateway_rest_api.transaction_api"
          ],
          "create_before_destroy": true
        }
      ]
    },
    {
      "mode": "managed",
      "type": "aws_api_gateway_resource",
      "name": "transactions_save_card_id",
      "provider": "provider[\"registry.terraform.io/hashicorp/aws\"]",
      "instances": [
        {
          "schema_version": 0,
          "attributes": {
            "id": "7pvy03",
            "parent_id": "ywv4gj",
            "path": "/transactions/save/{card_id}",
            "path_part": "{card_id}",
            "rest_api_id": "6o2onbo7rd"
          },
          "sensitive_attributes": [],
          "identity_schema_version": 0,
          "private": "bnVsbA==",
          "dependencies": [
            "aws_api_gateway_resource.transactions",
            "aws_api_gateway_resource.transactions_save",
            "aws_api_gateway_rest_api.transaction_api"
          ],
          "create_before_destroy": true
        }
      ]
    },
    {
      "mode": "managed",
      "type": "aws_api_gateway_rest_api",
      "name": "transaction_api",
      "provider": "provider[\"registry.terraform.io/hashicorp/aws\"]",
      "instances": [
        {
          "schema_version": 0,
          "attributes": {
            "api_key_source": "HEADER",
            "arn": "arn:aws:apigateway:us-east-1::/restapis/6o2onbo7rd",
            "binary_media_types": [],
            "body": null,
            "created_date": "2026-04-23T18:22:22Z",
            "description": "API para el servicio de transacciones",
            "disable_execute_api_endpoint": false,
            "endpoint_configuration": [
              {
                "ip_address_type": "ipv4",
                "types": [
                  "EDGE"
                ],
                "vpc_endpoint_ids": []
              }
            ],
            "execution_arn": "arn:aws:execute-api:us-east-1:884404876032:6o2onbo7rd",
            "fail_on_warnings": null,
            "id": "6o2onbo7rd",
            "minimum_compression_size": "",
            "name": "transaction-service-api",
            "parameters": null,
            "policy": "",
            "put_rest_api_mode": null,
            "root_resource_id": "onqupqsiaf",
            "tags": {},
            "tags_all": {}
          },
          "sensitive_attributes": [],
          "identity_schema_version": 0,
          "private": "bnVsbA==",
          "create_before_destroy": true
        }
      ]
    },
    {
      "mode": "managed",
      "type": "aws_api_gateway_stage",
      "name": "transaction_stage",
      "provider": "provider[\"registry.terraform.io/hashicorp/aws\"]",
      "instances": [
        {
          "schema_version": 0,
          "attributes": {
            "access_log_settings": [],
            "arn": "arn:aws:apigateway:us-east-1::/restapis/6o2onbo7rd/stages/dev",
            "cache_cluster_enabled": false,
            "cache_cluster_size": "",
            "canary_settings": [],
            "client_certificate_id": "",
            "deployment_id": "54aivy",
            "description": "",
            "documentation_version": "",
            "execution_arn": "arn:aws:execute-api:us-east-1:884404876032:6o2onbo7rd/dev",
            "id": "ags-6o2onbo7rd-dev",
            "invoke_url": "https://6o2onbo7rd.execute-api.us-east-1.amazonaws.com/dev",
            "rest_api_id": "6o2onbo7rd",
            "stage_name": "dev",
            "tags": {},
            "tags_all": {},
            "variables": {},
            "web_acl_arn": "",
            "xray_tracing_enabled": false
          },
          "sensitive_attributes": [],
          "identity_schema_version": 0,
          "private": "bnVsbA==",
          "dependencies": [
            "aws_api_gateway_deployment.transaction_deploy",
            "aws_api_gateway_integration.options_paid",
            "aws_api_gateway_integration.options_purchase",
            "aws_api_gateway_integration.options_report",
            "aws_api_gateway_integration.options_save",
            "aws_api_gateway_integration.paid_integration",
            "aws_api_gateway_integration.purchase_integration",
            "aws_api_gateway_integration.report_integration",
            "aws_api_gateway_integration.save_integration",
            "aws_api_gateway_integration_response.options_paid",
            "aws_api_gateway_integration_response.options_purchase",
            "aws_api_gateway_integration_response.options_report",
            "aws_api_gateway_integration_response.options_save",
            "aws_api_gateway_method.get_report",
            "aws_api_gateway_method.options_paid",
            "aws_api_gateway_method.options_purchase",
            "aws_api_gateway_method.options_report",
            "aws_api_gateway_method.options_save",
            "aws_api_gateway_method.post_paid",
            "aws_api_gateway_method.post_purchase",
            "aws_api_gateway_method.post_save",
            "aws_api_gateway_resource.card",
            "aws_api_gateway_resource.card_paid",
            "aws_api_gateway_resource.card_paid_card_id",
            "aws_api_gateway_resource.card_report_id",
            "aws_api_gateway_resource.report",
            "aws_api_gateway_resource.transactions",
            "aws_api_gateway_resource.transactions_purchase",
            "aws_api_gateway_resource.transactions_save",
            "aws_api_gateway_resource.transactions_save_card_id",
            "aws_api_gateway_rest_api.transaction_api",
            "aws_iam_role.transaction_lambda_role",
            "aws_lambda_function.card_get_report",
            "aws_lambda_function.transaction_paid",
            "aws_lambda_function.transaction_purchase",
            "aws_lambda_function.transaction_save",
            "aws_s3_bucket.reports_bucket",
            "data.archive_file.paid_zip",
            "data.archive_file.purchase_zip",
            "data.archive_file.report_zip",
            "data.archive_file.save_zip",
            "random_id.bucket_suffix"
          ]
        }
      ]
    },
    {
      "mode": "managed",
      "type": "aws_dynamodb_table",
      "name": "transaction_table",
      "provider": "provider[\"registry.terraform.io/hashicorp/aws\"]",
      "instances": [
        {
          "status": "tainted",
          "schema_version": 1,
          "attributes": {
            "arn": "arn:aws:dynamodb:us-east-1:884404876032:table/transaction-table",
            "attribute": [
              {
                "name": "createdAt",
                "type": "S"
              },
              {
                "name": "uuid",
                "type": "S"
              }
            ],
            "billing_mode": "PAY_PER_REQUEST",
            "deletion_protection_enabled": false,
            "global_secondary_index": [],
            "hash_key": "uuid",
            "id": "transaction-table",
            "import_table": [],
            "local_secondary_index": [],
            "name": "transaction-table",
            "on_demand_throughput": [],
            "point_in_time_recovery": [
              {
                "enabled": false,
                "recovery_period_in_days": 0
              }
            ],
            "range_key": "createdAt",
            "read_capacity": 0,
            "replica": [],
            "restore_date_time": null,
            "restore_source_name": null,
            "restore_source_table_arn": null,
            "restore_to_latest_time": null,
            "server_side_encryption": [],
            "stream_arn": "",
            "stream_enabled": false,
            "stream_label": "",
            "stream_view_type": "",
            "table_class": "STANDARD",
            "tags": {
              "Name": "transaction-table"
            },
            "tags_all": {
              "Name": "transaction-table"
            },
            "timeouts": null,
            "ttl": [
              {
                "attribute_name": "",
                "enabled": false
              }
            ],
            "write_capacity": 0
          },
          "sensitive_attributes": [],
          "identity_schema_version": 0,
          "private": "eyJlMmJmYjczMC1lY2FhLTExZTYtOGY4OC0zNDM2M2JjN2M0YzAiOnsiY3JlYXRlIjoxODAwMDAwMDAwMDAwLCJkZWxldGUiOjYwMDAwMDAwMDAwMCwidXBkYXRlIjozNjAwMDAwMDAwMDAwfSwic2NoZW1hX3ZlcnNpb24iOiIxIn0="
        }
      ]
    },
    {
      "mode": "managed",
      "type": "aws_iam_role",
      "name": "transaction_lambda_role",
      "provider": "provider[\"registry.terraform.io/hashicorp/aws\"]",
      "instances": [
        {
          "schema_version": 0,
          "attributes": {
            "arn": "arn:aws:iam::884404876032:role/transaction-lambda-role",
            "assume_role_policy": "{\"Statement\":[{\"Action\":\"sts:AssumeRole\",\"Effect\":\"Allow\",\"Principal\":{\"Service\":\"lambda.amazonaws.com\"}}],\"Version\":\"2012-10-17\"}",
            "create_date": "2026-04-23T18:22:22Z",
            "description": "",
            "force_detach_policies": false,
            "id": "transaction-lambda-role",
            "inline_policy": [
              {
                "name": "transaction-lambda-policy",
                "policy": "{\"Version\":\"2012-10-17\",\"Statement\":[{\"Action\":[\"dynamodb:PutItem\",\"dynamodb:GetItem\",\"dynamodb:UpdateItem\",\"dynamodb:Query\",\"dynamodb:Scan\"],\"Effect\":\"Allow\",\"Resource\":\"*\"},{\"Action\":[\"sqs:SendMessage\",\"sqs:ReceiveMessage\",\"sqs:DeleteMessage\",\"sqs:GetQueueAttributes\"],\"Effect\":\"Allow\",\"Resource\":\"*\"},{\"Action\":[\"s3:PutObject\",\"s3:GetObject\",\"s3:ListBucket\"],\"Effect\":\"Allow\",\"Resource\":\"*\"},{\"Action\":[\"logs:CreateLogGroup\",\"logs:CreateLogStream\",\"logs:PutLogEvents\"],\"Effect\":\"Allow\",\"Resource\":\"arn:aws:logs:*:*:*\"}]}"
              }
            ],
            "managed_policy_arns": [],
            "max_session_duration": 3600,
            "name": "transaction-lambda-role",
            "name_prefix": "",
            "path": "/",
            "permissions_boundary": "",
            "tags": {},
            "tags_all": {},
            "unique_id": "AROA432VDOMALWILWUJJD"
          },
          "sensitive_attributes": [],
          "identity_schema_version": 0,
          "private": "bnVsbA==",
          "create_before_destroy": true
        }
      ]
    },
    {
      "mode": "managed",
      "type": "aws_iam_role_policy",
      "name": "transaction_lambda_policy",
      "provider": "provider[\"registry.terraform.io/hashicorp/aws\"]",
      "instances": [
        {
          "schema_version": 0,
          "attributes": {
            "id": "transaction-lambda-role:transaction-lambda-policy",
            "name": "transaction-lambda-policy",
            "name_prefix": "",
            "policy": "{\"Version\":\"2012-10-17\",\"Statement\":[{\"Action\":[\"dynamodb:PutItem\",\"dynamodb:GetItem\",\"dynamodb:UpdateItem\",\"dynamodb:Query\",\"dynamodb:Scan\"],\"Effect\":\"Allow\",\"Resource\":\"*\"},{\"Action\":[\"sqs:SendMessage\",\"sqs:ReceiveMessage\",\"sqs:DeleteMessage\",\"sqs:GetQueueAttributes\"],\"Effect\":\"Allow\",\"Resource\":\"*\"},{\"Action\":[\"s3:PutObject\",\"s3:GetObject\",\"s3:ListBucket\"],\"Effect\":\"Allow\",\"Resource\":\"*\"},{\"Action\":[\"logs:CreateLogGroup\",\"logs:CreateLogStream\",\"logs:PutLogEvents\"],\"Effect\":\"Allow\",\"Resource\":\"arn:aws:logs:*:*:*\"}]}",
            "role": "transaction-lambda-role"
          },
          "sensitive_attributes": [],
          "identity_schema_version": 0,
          "private": "bnVsbA==",
          "dependencies": [
            "aws_iam_role.transaction_lambda_role"
          ]
        }
      ]
    },
    {
      "mode": "managed",
      "type": "aws_lambda_function",
      "name": "card_get_report",
      "provider": "provider[\"registry.terraform.io/hashicorp/aws\"]",
      "instances": [
        {
          "schema_version": 0,
          "attributes": {
            "architectures": [
              "x86_64"
            ],
            "arn": "arn:aws:lambda:us-east-1:884404876032:function:card-get-report-lambda",
            "code_sha256": "NKSyryJsRfHbfZ63ZbTs2UI8onlyvzhnQXXyNBhLBq4=",
            "code_signing_config_arn": "",
            "dead_letter_config": [],
            "description": "",
            "environment": [
              {
                "variables": {
                  "CARD_TABLE": "card-table",
                  "NOTIFICATION_QUEUE_URL": "https://sqs.us-east-1.amazonaws.com/825982958931/notification-email-sqs",
                  "REPORTS_BUCKET": "transactions-report-bucket-045e169d",
                  "TRANSACTION_TABLE": "transaction-table"
                }
              }
            ],
            "ephemeral_storage": [
              {
                "size": 512
              }
            ],
            "file_system_config": [],
            "filename": "../src/zips/card_get_report.zip",
            "function_name": "card-get-report-lambda",
            "handler": "handler.lambda_handler",
            "id": "card-get-report-lambda",
            "image_config": [],
            "image_uri": "",
            "invoke_arn": "arn:aws:apigateway:us-east-1:lambda:path/2015-03-31/functions/arn:aws:lambda:us-east-1:884404876032:function:card-get-report-lambda/invocations",
            "kms_key_arn": "",
            "last_modified": "2026-04-23T18:22:50.886+0000",
            "layers": [],
            "logging_config": [
              {
                "application_log_level": "",
                "log_format": "Text",
                "log_group": "/aws/lambda/card-get-report-lambda",
                "system_log_level": ""
              }
            ],
            "memory_size": 128,
            "package_type": "Zip",
            "publish": false,
            "qualified_arn": "arn:aws:lambda:us-east-1:884404876032:function:card-get-report-lambda:$LATEST",
            "qualified_invoke_arn": "arn:aws:apigateway:us-east-1:lambda:path/2015-03-31/functions/arn:aws:lambda:us-east-1:884404876032:function:card-get-report-lambda:$LATEST/invocations",
            "replace_security_groups_on_destroy": null,
            "replacement_security_group_ids": null,
            "reserved_concurrent_executions": -1,
            "role": "arn:aws:iam::884404876032:role/transaction-lambda-role",
            "runtime": "python3.11",
            "s3_bucket": null,
            "s3_key": null,
            "s3_object_version": null,
            "signing_job_arn": "",
            "signing_profile_version_arn": "",
            "skip_destroy": false,
            "snap_start": [],
            "source_code_hash": "NKSyryJsRfHbfZ63ZbTs2UI8onlyvzhnQXXyNBhLBq4=",
            "source_code_size": 1436,
            "tags": {},
            "tags_all": {},
            "timeout": 30,
            "timeouts": null,
            "tracing_config": [
              {
                "mode": "PassThrough"
              }
            ],
            "version": "$LATEST",
            "vpc_config": []
          },
          "sensitive_attributes": [],
          "identity_schema_version": 0,
          "private": "eyJlMmJmYjczMC1lY2FhLTExZTYtOGY4OC0zNDM2M2JjN2M0YzAiOnsiY3JlYXRlIjo2MDAwMDAwMDAwMDAsImRlbGV0ZSI6NjAwMDAwMDAwMDAwLCJ1cGRhdGUiOjYwMDAwMDAwMDAwMH19",
          "dependencies": [
            "aws_iam_role.transaction_lambda_role",
            "aws_s3_bucket.reports_bucket",
            "data.archive_file.report_zip",
            "random_id.bucket_suffix"
          ],
          "create_before_destroy": true
        }
      ]
    },
    {
      "mode": "managed",
      "type": "aws_lambda_function",
      "name": "transaction_paid",
      "provider": "provider[\"registry.terraform.io/hashicorp/aws\"]",
      "instances": [
        {
          "schema_version": 0,
          "attributes": {
            "architectures": [
              "x86_64"
            ],
            "arn": "arn:aws:lambda:us-east-1:884404876032:function:card-paid-credit-card-lambda",
            "code_sha256": "6rSD7Pl+5qRH2X8nAetjqPbb99Q7bL4ewBe3hwvVTN8=",
            "code_signing_config_arn": "",
            "dead_letter_config": [],
            "description": "",
            "environment": [
              {
                "variables": {
                  "CARD_TABLE": "card-table",
                  "NOTIFICATION_QUEUE_URL": "https://sqs.us-east-1.amazonaws.com/825982958931/notification-email-sqs",
                  "TRANSACTION_TABLE": "transaction-table"
                }
              }
            ],
            "ephemeral_storage": [
              {
                "size": 512
              }
            ],
            "file_system_config": [],
            "filename": "../src/zips/transaction_paid.zip",
            "function_name": "card-paid-credit-card-lambda",
            "handler": "handler.lambda_handler",
            "id": "card-paid-credit-card-lambda",
            "image_config": [],
            "image_uri": "",
            "invoke_arn": "arn:aws:apigateway:us-east-1:lambda:path/2015-03-31/functions/arn:aws:lambda:us-east-1:884404876032:function:card-paid-credit-card-lambda/invocations",
            "kms_key_arn": "",
            "last_modified": "2026-04-23T18:22:44.529+0000",
            "layers": [],
            "logging_config": [
              {
                "application_log_level": "",
                "log_format": "Text",
                "log_group": "/aws/lambda/card-paid-credit-card-lambda",
                "system_log_level": ""
              }
            ],
            "memory_size": 128,
            "package_type": "Zip",
            "publish": false,
            "qualified_arn": "arn:aws:lambda:us-east-1:884404876032:function:card-paid-credit-card-lambda:$LATEST",
            "qualified_invoke_arn": "arn:aws:apigateway:us-east-1:lambda:path/2015-03-31/functions/arn:aws:lambda:us-east-1:884404876032:function:card-paid-credit-card-lambda:$LATEST/invocations",
            "replace_security_groups_on_destroy": null,
            "replacement_security_group_ids": null,
            "reserved_concurrent_executions": -1,
            "role": "arn:aws:iam::884404876032:role/transaction-lambda-role",
            "runtime": "python3.11",
            "s3_bucket": null,
            "s3_key": null,
            "s3_object_version": null,
            "signing_job_arn": "",
            "signing_profile_version_arn": "",
            "skip_destroy": false,
            "snap_start": [],
            "source_code_hash": "6rSD7Pl+5qRH2X8nAetjqPbb99Q7bL4ewBe3hwvVTN8=",
            "source_code_size": 1513,
            "tags": {},
            "tags_all": {},
            "timeout": 15,
            "timeouts": null,
            "tracing_config": [
              {
                "mode": "PassThrough"
              }
            ],
            "version": "$LATEST",
            "vpc_config": []
          },
          "sensitive_attributes": [],
          "identity_schema_version": 0,
          "private": "eyJlMmJmYjczMC1lY2FhLTExZTYtOGY4OC0zNDM2M2JjN2M0YzAiOnsiY3JlYXRlIjo2MDAwMDAwMDAwMDAsImRlbGV0ZSI6NjAwMDAwMDAwMDAwLCJ1cGRhdGUiOjYwMDAwMDAwMDAwMH19",
          "dependencies": [
            "aws_iam_role.transaction_lambda_role",
            "data.archive_file.paid_zip"
          ],
          "create_before_destroy": true
        }
      ]
    },
    {
      "mode": "managed",
      "type": "aws_lambda_function",
      "name": "transaction_purchase",
      "provider": "provider[\"registry.terraform.io/hashicorp/aws\"]",
      "instances": [
        {
          "schema_version": 0,
          "attributes": {
            "architectures": [
              "x86_64"
            ],
            "arn": "arn:aws:lambda:us-east-1:884404876032:function:card-purchase-lambda",
            "code_sha256": "tj8J+fo3qx4zTdeAiIbqxXL8eENn00terF4MH/O/yFE=",
            "code_signing_config_arn": "",
            "dead_letter_config": [],
            "description": "",
            "environment": [
              {
                "variables": {
                  "CARD_TABLE": "card-table",
                  "NOTIFICATION_QUEUE_URL": "https://sqs.us-east-1.amazonaws.com/825982958931/notification-email-sqs",
                  "TRANSACTION_TABLE": "transaction-table"
                }
              }
            ],
            "ephemeral_storage": [
              {
                "size": 512
              }
            ],
            "file_system_config": [],
            "filename": "../src/zips/transaction_purchase.zip",
            "function_name": "card-purchase-lambda",
            "handler": "handler.lambda_handler",
            "id": "card-purchase-lambda",
            "image_config": [],
            "image_uri": "",
            "invoke_arn": "arn:aws:apigateway:us-east-1:lambda:path/2015-03-31/functions/arn:aws:lambda:us-east-1:884404876032:function:card-purchase-lambda/invocations",
            "kms_key_arn": "",
            "last_modified": "2026-04-23T18:22:31.846+0000",
            "layers": [],
            "logging_config": [
              {
                "application_log_level": "",
                "log_format": "Text",
                "log_group": "/aws/lambda/card-purchase-lambda",
                "system_log_level": ""
              }
            ],
            "memory_size": 128,
            "package_type": "Zip",
            "publish": false,
            "qualified_arn": "arn:aws:lambda:us-east-1:884404876032:function:card-purchase-lambda:$LATEST",
            "qualified_invoke_arn": "arn:aws:apigateway:us-east-1:lambda:path/2015-03-31/functions/arn:aws:lambda:us-east-1:884404876032:function:card-purchase-lambda:$LATEST/invocations",
            "replace_security_groups_on_destroy": null,
            "replacement_security_group_ids": null,
            "reserved_concurrent_executions": -1,
            "role": "arn:aws:iam::884404876032:role/transaction-lambda-role",
            "runtime": "python3.11",
            "s3_bucket": null,
            "s3_key": null,
            "s3_object_version": null,
            "signing_job_arn": "",
            "signing_profile_version_arn": "",
            "skip_destroy": false,
            "snap_start": [],
            "source_code_hash": "tj8J+fo3qx4zTdeAiIbqxXL8eENn00terF4MH/O/yFE=",
            "source_code_size": 1647,
            "tags": {},
            "tags_all": {},
            "timeout": 15,
            "timeouts": null,
            "tracing_config": [
              {
                "mode": "PassThrough"
              }
            ],
            "version": "$LATEST",
            "vpc_config": []
          },
          "sensitive_attributes": [],
          "identity_schema_version": 0,
          "private": "eyJlMmJmYjczMC1lY2FhLTExZTYtOGY4OC0zNDM2M2JjN2M0YzAiOnsiY3JlYXRlIjo2MDAwMDAwMDAwMDAsImRlbGV0ZSI6NjAwMDAwMDAwMDAwLCJ1cGRhdGUiOjYwMDAwMDAwMDAwMH19",
          "dependencies": [
            "aws_iam_role.transaction_lambda_role",
            "data.archive_file.purchase_zip"
          ],
          "create_before_destroy": true
        }
      ]
    },
    {
      "mode": "managed",
      "type": "aws_lambda_function",
      "name": "transaction_save",
      "provider": "provider[\"registry.terraform.io/hashicorp/aws\"]",
      "instances": [
        {
          "schema_version": 0,
          "attributes": {
            "architectures": [
              "x86_64"
            ],
            "arn": "arn:aws:lambda:us-east-1:884404876032:function:card-transaction-save-lambda",
            "code_sha256": "EjoeyeTI5JtIrDCyql1ZdhVlO9IytAe6pRUnGx738Xg=",
            "code_signing_config_arn": "",
            "dead_letter_config": [],
            "description": "",
            "environment": [
              {
                "variables": {
                  "CARD_TABLE": "card-table",
                  "NOTIFICATION_QUEUE_URL": "https://sqs.us-east-1.amazonaws.com/825982958931/notification-email-sqs",
                  "TRANSACTION_TABLE": "transaction-table"
                }
              }
            ],
            "ephemeral_storage": [
              {
                "size": 512
              }
            ],
            "file_system_config": [],
            "filename": "../src/zips/transaction_save.zip",
            "function_name": "card-transaction-save-lambda",
            "handler": "handler.lambda_handler",
            "id": "card-transaction-save-lambda",
            "image_config": [],
            "image_uri": "",
            "invoke_arn": "arn:aws:apigateway:us-east-1:lambda:path/2015-03-31/functions/arn:aws:lambda:us-east-1:884404876032:function:card-transaction-save-lambda/invocations",
            "kms_key_arn": "",
            "last_modified": "2026-04-23T18:22:38.169+0000",
            "layers": [],
            "logging_config": [
              {
                "application_log_level": "",
                "log_format": "Text",
                "log_group": "/aws/lambda/card-transaction-save-lambda",
                "system_log_level": ""
              }
            ],
            "memory_size": 128,
            "package_type": "Zip",
            "publish": false,
            "qualified_arn": "arn:aws:lambda:us-east-1:884404876032:function:card-transaction-save-lambda:$LATEST",
            "qualified_invoke_arn": "arn:aws:apigateway:us-east-1:lambda:path/2015-03-31/functions/arn:aws:lambda:us-east-1:884404876032:function:card-transaction-save-lambda:$LATEST/invocations",
            "replace_security_groups_on_destroy": null,
            "replacement_security_group_ids": null,
            "reserved_concurrent_executions": -1,
            "role": "arn:aws:iam::884404876032:role/transaction-lambda-role",
            "runtime": "python3.11",
            "s3_bucket": null,
            "s3_key": null,
            "s3_object_version": null,
            "signing_job_arn": "",
            "signing_profile_version_arn": "",
            "skip_destroy": false,
            "snap_start": [],
            "source_code_hash": "EjoeyeTI5JtIrDCyql1ZdhVlO9IytAe6pRUnGx738Xg=",
            "source_code_size": 1384,
            "tags": {},
            "tags_all": {},
            "timeout": 15,
            "timeouts": null,
            "tracing_config": [
              {
                "mode": "PassThrough"
              }
            ],
            "version": "$LATEST",
            "vpc_config": []
          },
          "sensitive_attributes": [],
          "identity_schema_version": 0,
          "private": "eyJlMmJmYjczMC1lY2FhLTExZTYtOGY4OC0zNDM2M2JjN2M0YzAiOnsiY3JlYXRlIjo2MDAwMDAwMDAwMDAsImRlbGV0ZSI6NjAwMDAwMDAwMDAwLCJ1cGRhdGUiOjYwMDAwMDAwMDAwMH19",
          "dependencies": [
            "aws_iam_role.transaction_lambda_role",
            "data.archive_file.save_zip"
          ],
          "create_before_destroy": true
        }
      ]
    },
    {
      "mode": "managed",
      "type": "aws_lambda_permission",
      "name": "allow_apigw_paid",
      "provider": "provider[\"registry.terraform.io/hashicorp/aws\"]",
      "instances": [
        {
          "schema_version": 0,
          "attributes": {
            "action": "lambda:InvokeFunction",
            "event_source_token": null,
            "function_name": "card-paid-credit-card-lambda",
            "function_url_auth_type": null,
            "id": "AllowAPIGatewayPaid",
            "principal": "apigateway.amazonaws.com",
            "principal_org_id": null,
            "qualifier": "",
            "source_account": null,
            "source_arn": "arn:aws:execute-api:us-east-1:884404876032:6o2onbo7rd/*/*",
            "statement_id": "AllowAPIGatewayPaid",
            "statement_id_prefix": ""
          },
          "sensitive_attributes": [],
          "identity_schema_version": 0,
          "private": "bnVsbA==",
          "dependencies": [
            "aws_api_gateway_rest_api.transaction_api",
            "aws_iam_role.transaction_lambda_role",
            "aws_lambda_function.transaction_paid",
            "data.archive_file.paid_zip"
          ]
        }
      ]
    },
    {
      "mode": "managed",
      "type": "aws_lambda_permission",
      "name": "allow_apigw_purchase",
      "provider": "provider[\"registry.terraform.io/hashicorp/aws\"]",
      "instances": [
        {
          "schema_version": 0,
          "attributes": {
            "action": "lambda:InvokeFunction",
            "event_source_token": null,
            "function_name": "card-purchase-lambda",
            "function_url_auth_type": null,
            "id": "AllowAPIGatewayPurchase",
            "principal": "apigateway.amazonaws.com",
            "principal_org_id": null,
            "qualifier": "",
            "source_account": null,
            "source_arn": "arn:aws:execute-api:us-east-1:884404876032:6o2onbo7rd/*/*",
            "statement_id": "AllowAPIGatewayPurchase",
            "statement_id_prefix": ""
          },
          "sensitive_attributes": [],
          "identity_schema_version": 0,
          "private": "bnVsbA==",
          "dependencies": [
            "aws_api_gateway_rest_api.transaction_api",
            "aws_iam_role.transaction_lambda_role",
            "aws_lambda_function.transaction_purchase",
            "data.archive_file.purchase_zip"
          ]
        }
      ]
    },
    {
      "mode": "managed",
      "type": "aws_lambda_permission",
      "name": "allow_apigw_report",
      "provider": "provider[\"registry.terraform.io/hashicorp/aws\"]",
      "instances": [
        {
          "schema_version": 0,
          "attributes": {
            "action": "lambda:InvokeFunction",
            "event_source_token": null,
            "function_name": "card-get-report-lambda",
            "function_url_auth_type": null,
            "id": "AllowAPIGatewayReport",
            "principal": "apigateway.amazonaws.com",
            "principal_org_id": null,
            "qualifier": "",
            "source_account": null,
            "source_arn": "arn:aws:execute-api:us-east-1:884404876032:6o2onbo7rd/*/*",
            "statement_id": "AllowAPIGatewayReport",
            "statement_id_prefix": ""
          },
          "sensitive_attributes": [],
          "identity_schema_version": 0,
          "private": "bnVsbA==",
          "dependencies": [
            "aws_api_gateway_rest_api.transaction_api",
            "aws_iam_role.transaction_lambda_role",
            "aws_lambda_function.card_get_report",
            "aws_s3_bucket.reports_bucket",
            "data.archive_file.report_zip",
            "random_id.bucket_suffix"
          ]
        }
      ]
    },
    {
      "mode": "managed",
      "type": "aws_lambda_permission",
      "name": "allow_apigw_save",
      "provider": "provider[\"registry.terraform.io/hashicorp/aws\"]",
      "instances": [
        {
          "schema_version": 0,
          "attributes": {
            "action": "lambda:InvokeFunction",
            "event_source_token": null,
            "function_name": "card-transaction-save-lambda",
            "function_url_auth_type": null,
            "id": "AllowAPIGatewaySave",
            "principal": "apigateway.amazonaws.com",
            "principal_org_id": null,
            "qualifier": "",
            "source_account": null,
            "source_arn": "arn:aws:execute-api:us-east-1:884404876032:6o2onbo7rd/*/*",
            "statement_id": "AllowAPIGatewaySave",
            "statement_id_prefix": ""
          },
          "sensitive_attributes": [],
          "identity_schema_version": 0,
          "private": "bnVsbA==",
          "dependencies": [
            "aws_api_gateway_rest_api.transaction_api",
            "aws_iam_role.transaction_lambda_role",
            "aws_lambda_function.transaction_save",
            "data.archive_file.save_zip"
          ]
        }
      ]
    },
    {
      "mode": "managed",
      "type": "aws_s3_bucket",
      "name": "reports_bucket",
      "provider": "provider[\"registry.terraform.io/hashicorp/aws\"]",
      "instances": [
        {
          "schema_version": 0,
          "attributes": {
            "acceleration_status": "",
            "acl": null,
            "arn": "arn:aws:s3:::transactions-report-bucket-045e169d",
            "bucket": "transactions-report-bucket-045e169d",
            "bucket_domain_name": "transactions-report-bucket-045e169d.s3.amazonaws.com",
            "bucket_prefix": "",
            "bucket_regional_domain_name": "transactions-report-bucket-045e169d.s3.us-east-1.amazonaws.com",
            "cors_rule": [],
            "force_destroy": false,
            "grant": [
              {
                "id": "58c6846982cda52acb5b6957d70f53fae6aa75bcb75e97a6e45e59680e086123",
                "permissions": [
                  "FULL_CONTROL"
                ],
                "type": "CanonicalUser",
                "uri": ""
              }
            ],
            "hosted_zone_id": "Z3AQBSTGFYJSTF",
            "id": "transactions-report-bucket-045e169d",
            "lifecycle_rule": [],
            "logging": [],
            "object_lock_configuration": [],
            "object_lock_enabled": false,
            "policy": "{\"Statement\":[{\"Action\":\"s3:GetObject\",\"Effect\":\"Allow\",\"Principal\":\"*\",\"Resource\":\"arn:aws:s3:::transactions-report-bucket-045e169d/*\",\"Sid\":\"PublicReadGetObject\"}],\"Version\":\"2012-10-17\"}",
            "region": "us-east-1",
            "replication_configuration": [],
            "request_payer": "BucketOwner",
            "server_side_encryption_configuration": [
              {
                "rule": [
                  {
                    "apply_server_side_encryption_by_default": [
                      {
                        "kms_master_key_id": "",
                        "sse_algorithm": "AES256"
                      }
                    ],
                    "bucket_key_enabled": false
                  }
                ]
              }
            ],
            "tags": {},
            "tags_all": {},
            "timeouts": null,
            "versioning": [
              {
                "enabled": false,
                "mfa_delete": false
              }
            ],
            "website": [],
            "website_domain": null,
            "website_endpoint": null
          },
          "sensitive_attributes": [],
          "identity_schema_version": 0,
          "private": "eyJlMmJmYjczMC1lY2FhLTExZTYtOGY4OC0zNDM2M2JjN2M0YzAiOnsiY3JlYXRlIjoxMjAwMDAwMDAwMDAwLCJkZWxldGUiOjM2MDAwMDAwMDAwMDAsInJlYWQiOjEyMDAwMDAwMDAwMDAsInVwZGF0ZSI6MTIwMDAwMDAwMDAwMH19",
          "dependencies": [
            "random_id.bucket_suffix"
          ],
          "create_before_destroy": true
        }
      ]
    },
    {
      "mode": "managed",
      "type": "aws_s3_bucket_policy",
      "name": "reports_bucket_policy",
      "provider": "provider[\"registry.terraform.io/hashicorp/aws\"]",
      "instances": [
        {
          "schema_version": 0,
          "attributes": {
            "bucket": "transactions-report-bucket-045e169d",
            "id": "transactions-report-bucket-045e169d",
            "policy": "{\"Statement\":[{\"Action\":\"s3:GetObject\",\"Effect\":\"Allow\",\"Principal\":\"*\",\"Resource\":\"arn:aws:s3:::transactions-report-bucket-045e169d/*\",\"Sid\":\"PublicReadGetObject\"}],\"Version\":\"2012-10-17\"}"
          },
          "sensitive_attributes": [],
          "identity_schema_version": 0,
          "private": "bnVsbA==",
          "dependencies": [
            "aws_s3_bucket.reports_bucket",
            "aws_s3_bucket_public_access_block.reports_bucket_public",
            "random_id.bucket_suffix"
          ]
        }
      ]
    },
    {
      "mode": "managed",
      "type": "aws_s3_bucket_public_access_block",
      "name": "reports_bucket_public",
      "provider": "provider[\"registry.terraform.io/hashicorp/aws\"]",
      "instances": [
        {
          "schema_version": 0,
          "attributes": {
            "block_public_acls": false,
            "block_public_policy": false,
            "bucket": "transactions-report-bucket-045e169d",
            "id": "transactions-report-bucket-045e169d",
            "ignore_public_acls": false,
            "restrict_public_buckets": false
          },
          "sensitive_attributes": [],
          "identity_schema_version": 0,
          "private": "bnVsbA==",
          "dependencies": [
            "aws_s3_bucket.reports_bucket",
            "random_id.bucket_suffix"
          ]
        }
      ]
    },
    {
      "mode": "managed",
      "type": "random_id",
      "name": "bucket_suffix",
      "provider": "provider[\"registry.terraform.io/hashicorp/random\"]",
      "instances": [
        {
          "schema_version": 0,
          "attributes": {
            "b64_std": "BF4WnQ==",
            "b64_url": "BF4WnQ",
            "byte_length": 4,
            "dec": "73275037",
            "hex": "045e169d",
            "id": "BF4WnQ",
            "keepers": null,
            "prefix": null
          },
          "sensitive_attributes": [],
          "identity_schema_version": 0,
          "create_before_destroy": true
        }
      ]
    }
  ],
  "check_results": null
}
